// !$*UTF8*$!
{
	archiveVersion = 1;
	classes = {
	};
	objectVersion = 46;
	objects = {

/* Begin PBXBuildFile section */
		5E2C65031E526FA70006EF25 /* AppDelegate.swift in Sources */ = {isa = PBXBuildFile; fileRef = 5E2C65021E526FA70006EF25 /* AppDelegate.swift */; };
		5E2C65051E526FA70006EF25 /* Document.swift in Sources */ = {isa = PBXBuildFile; fileRef = 5E2C65041E526FA70006EF25 /* Document.swift */; };
		5E2C65081E526FA70006EF25 /* Document.xib in Resources */ = {isa = PBXBuildFile; fileRef = 5E2C65061E526FA70006EF25 /* Document.xib */; };
		5E2C650A1E526FA70006EF25 /* Assets.xcassets in Resources */ = {isa = PBXBuildFile; fileRef = 5E2C65091E526FA70006EF25 /* Assets.xcassets */; };
		5E2C650D1E526FA70006EF25 /* MainMenu.xib in Resources */ = {isa = PBXBuildFile; fileRef = 5E2C650B1E526FA70006EF25 /* MainMenu.xib */; };
		5E2C65181E526FA80006EF25 /* AumentoTests.swift in Sources */ = {isa = PBXBuildFile; fileRef = 5E2C65171E526FA80006EF25 /* AumentoTests.swift */; };
		5E2C65231E526FA80006EF25 /* AumentoUITests.swift in Sources */ = {isa = PBXBuildFile; fileRef = 5E2C65221E526FA80006EF25 /* AumentoUITests.swift */; };
		5E2C65321E5273EE0006EF25 /* Empleado.swift in Sources */ = {isa = PBXBuildFile; fileRef = 5E2C65311E5273EE0006EF25 /* Empleado.swift */; };
/* End PBXBuildFile section */

/* Begin PBXContainerItemProxy section */
		5E2C65141E526FA80006EF25 /* PBXContainerItemProxy */ = {
			isa = PBXContainerItemProxy;
			containerPortal = 5E2C64F71E526FA70006EF25 /* Project object */;
			proxyType = 1;
			remoteGlobalIDString = 5E2C64FE1E526FA70006EF25;
			remoteInfo = Aumento;
		};
		5E2C651F1E526FA80006EF25 /* PBXContainerItemProxy */ = {
			isa = PBXContainerItemProxy;
			containerPortal = 5E2C64F71E526FA70006EF25 /* Project object */;
			proxyType = 1;
			remoteGlobalIDString = 5E2C64FE1E526FA70006EF25;
			remoteInfo = Aumento;
		};
/* End PBXContainerItemProxy section */

/* Begin PBXFileReference section */
		5E2C64FF1E526FA70006EF25 /* Aumento.app */ = {isa = PBXFileReference; explicitFileType = wrapper.application; includeInIndex = 0; path = Aumento.app; sourceTree = BUILT_PRODUCTS_DIR; };
		5E2C65021E526FA70006EF25 /* AppDelegate.swift */ = {isa = PBXFileReference; lastKnownFileType = sourcecode.swift; path = AppDelegate.swift; sourceTree = "<group>"; };
		5E2C65041E526FA70006EF25 /* Document.swift */ = {isa = PBXFileReference; lastKnownFileType = sourcecode.swift; path = Document.swift; sourceTree = "<group>"; };
		5E2C65071E526FA70006EF25 /* Base */ = {isa = PBXFileReference; lastKnownFileType = file.xib; name = Base; path = Base.lproj/Document.xib; sourceTree = "<group>"; };
		5E2C65091E526FA70006EF25 /* Assets.xcassets */ = {isa = PBXFileReference; lastKnownFileType = folder.assetcatalog; path = Assets.xcassets; sourceTree = "<group>"; };
		5E2C650C1E526FA70006EF25 /* Base */ = {isa = PBXFileReference; lastKnownFileType = file.xib; name = Base; path = Base.lproj/MainMenu.xib; sourceTree = "<group>"; };
		5E2C650E1E526FA70006EF25 /* Info.plist */ = {isa = PBXFileReference; lastKnownFileType = text.plist.xml; path = Info.plist; sourceTree = "<group>"; };
		5E2C65131E526FA80006EF25 /* AumentoTests.xctest */ = {isa = PBXFileReference; explicitFileType = wrapper.cfbundle; includeInIndex = 0; path = AumentoTests.xctest; sourceTree = BUILT_PRODUCTS_DIR; };
		5E2C65171E526FA80006EF25 /* AumentoTests.swift */ = {isa = PBXFileReference; lastKnownFileType = sourcecode.swift; path = AumentoTests.swift; sourceTree = "<group>"; };
		5E2C65191E526FA80006EF25 /* Info.plist */ = {isa = PBXFileReference; lastKnownFileType = text.plist.xml; path = Info.plist; sourceTree = "<group>"; };
		5E2C651E1E526FA80006EF25 /* AumentoUITests.xctest */ = {isa = PBXFileReference; explicitFileType = wrapper.cfbundle; includeInIndex = 0; path = AumentoUITests.xctest; sourceTree = BUILT_PRODUCTS_DIR; };
		5E2C65221E526FA80006EF25 /* AumentoUITests.swift */ = {isa = PBXFileReference; lastKnownFileType = sourcecode.swift; path = AumentoUITests.swift; sourceTree = "<group>"; };
		5E2C65241E526FA80006EF25 /* Info.plist */ = {isa = PBXFileReference; lastKnownFileType = text.plist.xml; path = Info.plist; sourceTree = "<group>"; };
		5E2C65311E5273EE0006EF25 /* Empleado.swift */ = {isa = PBXFileReference; fileEncoding = 4; lastKnownFileType = sourcecode.swift; path = Empleado.swift; sourceTree = "<group>"; };
/* End PBXFileReference section */

/* Begin PBXFrameworksBuildPhase section */
		5E2C64FC1E526FA70006EF25 /* Frameworks */ = {
			isa = PBXFrameworksBuildPhase;
			buildActionMask = 2147483647;
			files = (
			);
			runOnlyForDeploymentPostprocessing = 0;
		};
		5E2C65101E526FA80006EF25 /* Frameworks */ = {
			isa = PBXFrameworksBuildPhase;
			buildActionMask = 2147483647;
			files = (
			);
			runOnlyForDeploymentPostprocessing = 0;
		};
		5E2C651B1E526FA80006EF25 /* Frameworks */ = {
			isa = PBXFrameworksBuildPhase;
			buildActionMask = 2147483647;
			files = (
			);
			runOnlyForDeploymentPostprocessing = 0;
		};
/* End PBXFrameworksBuildPhase section */

/* Begin PBXGroup section */
		5E2C64F61E526FA70006EF25 = {
			isa = PBXGroup;
			children = (
				5E2C65011E526FA70006EF25 /* Aumento */,
				5E2C65161E526FA80006EF25 /* AumentoTests */,
				5E2C65211E526FA80006EF25 /* AumentoUITests */,
				5E2C65001E526FA70006EF25 /* Products */,
			);
			sourceTree = "<group>";
		};
		5E2C65001E526FA70006EF25 /* Products */ = {
			isa = PBXGroup;
			children = (
				5E2C64FF1E526FA70006EF25 /* Aumento.app */,
				5E2C65131E526FA80006EF25 /* AumentoTests.xctest */,
				5E2C651E1E526FA80006EF25 /* AumentoUITests.xctest */,
			);
			name = Products;
			sourceTree = "<group>";
		};
		5E2C65011E526FA70006EF25 /* Aumento */ = {
			isa = PBXGroup;
			children = (
				5E2C65301E5273DD0006EF25 /* Dominio */,
				5E2C65021E526FA70006EF25 /* AppDelegate.swift */,
				5E2C65041E526FA70006EF25 /* Document.swift */,
				5E2C65061E526FA70006EF25 /* Document.xib */,
				5E2C65091E526FA70006EF25 /* Assets.xcassets */,
				5E2C650B1E526FA70006EF25 /* MainMenu.xib */,
				5E2C650E1E526FA70006EF25 /* Info.plist */,
			);
			path = Aumento;
			sourceTree = "<group>";
		};
		5E2C65161E526FA80006EF25 /* AumentoTests */ = {
			isa = PBXGroup;
			children = (
				5E2C65171E526FA80006EF25 /* AumentoTests.swift */,
				5E2C65191E526FA80006EF25 /* Info.plist */,
			);
			path = AumentoTests;
			sourceTree = "<group>";
		};
		5E2C65211E526FA80006EF25 /* AumentoUITests */ = {
			isa = PBXGroup;
			children = (
				5E2C65221E526FA80006EF25 /* AumentoUITests.swift */,
				5E2C65241E526FA80006EF25 /* Info.plist */,
			);
			path = AumentoUITests;
			sourceTree = "<group>";
		};
		5E2C65301E5273DD0006EF25 /* Dominio */ = {
			isa = PBXGroup;
			children = (
				5E2C65311E5273EE0006EF25 /* Empleado.swift */,
			);
			name = Dominio;
			sourceTree = "<group>";
		};
/* End PBXGroup section */

/* Begin PBXNativeTarget section */
		5E2C64FE1E526FA70006EF25 /* Aumento */ = {
			isa = PBXNativeTarget;
			buildConfigurationList = 5E2C65271E526FA80006EF25 /* Build configuration list for PBXNativeTarget "Aumento" */;
			buildPhases = (
				5E2C64FB1E526FA70006EF25 /* Sources */,
				5E2C64FC1E526FA70006EF25 /* Frameworks */,
				5E2C64FD1E526FA70006EF25 /* Resources */,
			);
			buildRules = (
			);
			dependencies = (
			);
			name = Aumento;
			productName = Aumento;
			productReference = 5E2C64FF1E526FA70006EF25 /* Aumento.app */;
			productType = "com.apple.product-type.application";
		};
		5E2C65121E526FA80006EF25 /* AumentoTests */ = {
			isa = PBXNativeTarget;
			buildConfigurationList = 5E2C652A1E526FA80006EF25 /* Build configuration list for PBXNativeTarget "AumentoTests" */;
			buildPhases = (
				5E2C650F1E526FA80006EF25 /* Sources */,
				5E2C65101E526FA80006EF25 /* Frameworks */,
				5E2C65111E526FA80006EF25 /* Resources */,
			);
			buildRules = (
			);
			dependencies = (
				5E2C65151E526FA80006EF25 /* PBXTargetDependency */,
			);
			name = AumentoTests;
			productName = AumentoTests;
			productReference = 5E2C65131E526FA80006EF25 /* AumentoTests.xctest */;
			productType = "com.apple.product-type.bundle.unit-test";
		};
		5E2C651D1E526FA80006EF25 /* AumentoUITests */ = {
			isa = PBXNativeTarget;
			buildConfigurationList = 5E2C652D1E526FA80006EF25 /* Build configuration list for PBXNativeTarget "AumentoUITests" */;
			buildPhases = (
				5E2C651A1E526FA80006EF25 /* Sources */,
				5E2C651B1E526FA80006EF25 /* Frameworks */,
				5E2C651C1E526FA80006EF25 /* Resources */,
			);
			buildRules = (
			);
			dependencies = (
				5E2C65201E526FA80006EF25 /* PBXTargetDependency */,
			);
			name = AumentoUITests;
			productName = AumentoUITests;
			productReference = 5E2C651E1E526FA80006EF25 /* AumentoUITests.xctest */;
			productType = "com.apple.product-type.bundle.ui-testing";
		};
/* End PBXNativeTarget section */

/* Begin PBXProject section */
		5E2C64F71E526FA70006EF25 /* Project object */ = {
			isa = PBXProject;
			attributes = {
				LastSwiftUpdateCheck = 0820;
				LastUpgradeCheck = 0820;
				ORGANIZATIONNAME = "Leonardo Guzman";
				TargetAttributes = {
					5E2C64FE1E526FA70006EF25 = {
						CreatedOnToolsVersion = 8.2.1;
						ProvisioningStyle = Automatic;
					};
					5E2C65121E526FA80006EF25 = {
						CreatedOnToolsVersion = 8.2.1;
						ProvisioningStyle = Automatic;
						TestTargetID = 5E2C64FE1E526FA70006EF25;
					};
					5E2C651D1E526FA80006EF25 = {
						CreatedOnToolsVersion = 8.2.1;
						ProvisioningStyle = Automatic;
						TestTargetID = 5E2C64FE1E526FA70006EF25;
					};
				};
			};
			buildConfigurationList = 5E2C64FA1E526FA70006EF25 /* Build configuration list for PBXProject "Aumento" */;
			compatibilityVersion = "Xcode 3.2";
			developmentRegion = English;
			hasScannedForEncodings = 0;
			knownRegions = (
				en,
				Base,
			);
			mainGroup = 5E2C64F61E526FA70006EF25;
			productRefGroup = 5E2C65001E526FA70006EF25 /* Products */;
			projectDirPath = "";
			projectRoot = "";
			targets = (
				5E2C64FE1E526FA70006EF25 /* Aumento */,
				5E2C65121E526FA80006EF25 /* AumentoTests */,
				5E2C651D1E526FA80006EF25 /* AumentoUITests */,
			);
		};
/* End PBXProject section */

/* Begin PBXResourcesBuildPhase section */
		5E2C64FD1E526FA70006EF25 /* Resources */ = {
			isa = PBXResourcesBuildPhase;
			buildActionMask = 2147483647;
			files = (
				5E2C650A1E526FA70006EF25 /* Assets.xcassets in Resources */,
				5E2C65081E526FA70006EF25 /* Document.xib in Resources */,
				5E2C650D1E526FA70006EF25 /* MainMenu.xib in Resources */,
			);
			runOnlyForDeploymentPostprocessing = 0;
		};
		5E2C65111E526FA80006EF25 /* Resources */ = {
			isa = PBXResourcesBuildPhase;
			buildActionMask = 2147483647;
			files = (
			);
			runOnlyForDeploymentPostprocessing = 0;
		};
		5E2C651C1E526FA80006EF25 /* Resources */ = {
			isa = PBXResourcesBuildPhase;
			buildActionMask = 2147483647;
			files = (
			);
			runOnlyForDeploymentPostprocessing = 0;
		};
/* End PBXResourcesBuildPhase section */

/* Begin PBXSourcesBuildPhase section */
		5E2C64FB1E526FA70006EF25 /* Sources */ = {
			isa = PBXSourcesBuildPhase;
			buildActionMask = 2147483647;
			files = (
				5E2C65321E5273EE0006EF25 /* Empleado.swift in Sources */,
				5E2C65051E526FA70006EF25 /* Document.swift in Sources */,
				5E2C65031E526FA70006EF25 /* AppDelegate.swift in Sources */,
			);
			runOnlyForDeploymentPostprocessing = 0;
		};
		5E2C650F1E526FA80006EF25 /* Sources */ = {
			isa = PBXSourcesBuildPhase;
			buildActionMask = 2147483647;
			files = (
				5E2C65181E526FA80006EF25 /* AumentoTests.swift in Sources */,
			);
			runOnlyForDeploymentPostprocessing = 0;
		};
		5E2C651A1E526FA80006EF25 /* Sources */ = {
			isa = PBXSourcesBuildPhase;
			buildActionMask = 2147483647;
			files = (
				5E2C65231E526FA80006EF25 /* AumentoUITests.swift in Sources */,
			);
			runOnlyForDeploymentPostprocessing = 0;
		};
/* End PBXSourcesBuildPhase section */

/* Begin PBXTargetDependency section */
		5E2C65151E526FA80006EF25 /* PBXTargetDependency */ = {
			isa = PBXTargetDependency;
			target = 5E2C64FE1E526FA70006EF25 /* Aumento */;
			targetProxy = 5E2C65141E526FA80006EF25 /* PBXContainerItemProxy */;
		};
		5E2C65201E526FA80006EF25 /* PBXTargetDependency */ = {
			isa = PBXTargetDependency;
			target = 5E2C64FE1E526FA70006EF25 /* Aumento */;
			targetProxy = 5E2C651F1E526FA80006EF25 /* PBXContainerItemProxy */;
		};
/* End PBXTargetDependency section */

/* Begin PBXVariantGroup section */
		5E2C65061E526FA70006EF25 /* Document.xib */ = {
			isa = PBXVariantGroup;
			children = (
				5E2C65071E526FA70006EF25 /* Base */,
			);
			name = Document.xib;
			sourceTree = "<group>";
		};
		5E2C650B1E526FA70006EF25 /* MainMenu.xib */ = {
			isa = PBXVariantGroup;
			children = (
				5E2C650C1E526FA70006EF25 /* Base */,
			);
			name = MainMenu.xib;
			sourceTree = "<group>";
		};
/* End PBXVariantGroup section */

/* Begin XCBuildConfiguration section */
		5E2C65251E526FA80006EF25 /* Debug */ = {
			isa = XCBuildConfiguration;
			buildSettings = {
				ALWAYS_SEARCH_USER_PATHS = NO;
				CLANG_ANALYZER_NONNULL = YES;
				CLANG_CXX_LANGUAGE_STANDARD = "gnu++0x";
				CLANG_CXX_LIBRARY = "libc++";
				CLANG_ENABLE_MODULES = YES;
				CLANG_ENABLE_OBJC_ARC = YES;
				CLANG_WARN_BOOL_CONVERSION = YES;
				CLANG_WARN_CONSTANT_CONVERSION = YES;
				CLANG_WARN_DIRECT_OBJC_ISA_USAGE = YES_ERROR;
				CLANG_WARN_DOCUMENTATION_COMMENTS = YES;
				CLANG_WARN_EMPTY_BODY = YES;
				CLANG_WARN_ENUM_CONVERSION = YES;
				CLANG_WARN_INFINITE_RECURSION = YES;
				CLANG_WARN_INT_CONVERSION = YES;
				CLANG_WARN_OBJC_ROOT_CLASS = YES_ERROR;
				CLANG_WARN_SUSPICIOUS_MOVE = YES;
				CLANG_WARN_UNREACHABLE_CODE = YES;
				CLANG_WARN__DUPLICATE_METHOD_MATCH = YES;
				CODE_SIGN_IDENTITY = "-";
				COPY_PHASE_STRIP = NO;
				DEBUG_INFORMATION_FORMAT = dwarf;
				ENABLE_STRICT_OBJC_MSGSEND = YES;
				ENABLE_TESTABILITY = YES;
				GCC_C_LANGUAGE_STANDARD = gnu99;
				GCC_DYNAMIC_NO_PIC = NO;
				GCC_NO_COMMON_BLOCKS = YES;
				GCC_OPTIMIZATION_LEVEL = 0;
				GCC_PREPROCESSOR_DEFINITIONS = (
					"DEBUG=1",
					"$(inherited)",
				);
				GCC_WARN_64_TO_32_BIT_CONVERSION = YES;
				GCC_WARN_ABOUT_RETURN_TYPE = YES_ERROR;
				GCC_WARN_UNDECLARED_SELECTOR = YES;
				GCC_WARN_UNINITIALIZED_AUTOS = YES_AGGRESSIVE;
				GCC_WARN_UNUSED_FUNCTION = YES;
				GCC_WARN_UNUSED_VARIABLE = YES;
				MACOSX_DEPLOYMENT_TARGET = 10.12;
				MTL_ENABLE_DEBUG_INFO = YES;
				ONLY_ACTIVE_ARCH = YES;
				SDKROOT = macosx;
				SWIFT_ACTIVE_COMPILATION_CONDITIONS = DEBUG;
				SWIFT_OPTIMIZATION_LEVEL = "-Onone";
			};
			name = Debug;
		};
		5E2C65261E526FA80006EF25 /* Release */ = {
			isa = XCBuildConfiguration;
			buildSettings = {
				ALWAYS_SEARCH_USER_PATHS = NO;
				CLANG_ANALYZER_NONNULL = YES;
				CLANG_CXX_LANGUAGE_STANDARD = "gnu++0x";
				CLANG_CXX_LIBRARY = "libc++";
				CLANG_ENABLE_MODULES = YES;
				CLANG_ENABLE_OBJC_ARC = YES;
				CLANG_WARN_BOOL_CONVERSION = YES;
				CLANG_WARN_CONSTANT_CONVERSION = YES;
				CLANG_WARN_DIRECT_OBJC_ISA_USAGE = YES_ERROR;
				CLANG_WARN_DOCUMENTATION_COMMENTS = YES;
				CLANG_WARN_EMPTY_BODY = YES;
				CLANG_WARN_ENUM_CONVERSION = YES;
				CLANG_WARN_INFINITE_RECURSION = YES;
				CLANG_WARN_INT_CONVERSION = YES;
				CLANG_WARN_OBJC_ROOT_CLASS = YES_ERROR;
				CLANG_WARN_SUSPICIOUS_MOVE = YES;
				CLANG_WARN_UNREACHABLE_CODE = YES;
				CLANG_WARN__DUPLICATE_METHOD_MATCH = YES;
				CODE_SIGN_IDENTITY = "-";
				COPY_PHASE_STRIP = NO;
				DEBUG_INFORMATION_FORMAT = "dwarf-with-dsym";
				ENABLE_NS_ASSERTIONS = NO;
				ENABLE_STRICT_OBJC_MSGSEND = YES;
				GCC_C_LANGUAGE_STANDARD = gnu99;
				GCC_NO_COMMON_BLOCKS = YES;
				GCC_WARN_64_TO_32_BIT_CONVERSION = YES;
				GCC_WARN_ABOUT_RETURN_TYPE = YES_ERROR;
				GCC_WARN_UNDECLARED_SELECTOR = YES;
				GCC_WARN_UNINITIALIZED_AUTOS = YES_AGGRESSIVE;
				GCC_WARN_UNUSED_FUNCTION = YES;
				GCC_WARN_UNUSED_VARIABLE = YES;
				MACOSX_DEPLOYMENT_TARGET = 10.12;
				MTL_ENABLE_DEBUG_INFO = NO;
				SDKROOT = macosx;
				SWIFT_OPTIMIZATION_LEVEL = "-Owholemodule";
			};
			name = Release;
		};
		5E2C65281E526FA80006EF25 /* Debug */ = {
			isa = XCBuildConfiguration;
			buildSettings = {
				ASSETCATALOG_COMPILER_APPICON_NAME = AppIcon;
				COMBINE_HIDPI_IMAGES = YES;
				INFOPLIST_FILE = Aumento/Info.plist;
				LD_RUNPATH_SEARCH_PATHS = "$(inherited) @executable_path/../Frameworks";
				PRODUCT_BUNDLE_IDENTIFIER = com.guzmle.Aumento;
				PRODUCT_NAME = "$(TARGET_NAME)";
				SWIFT_VERSION = 3.0;
			};
			name = Debug;
		};
		5E2C65291E526FA80006EF25 /* Release */ = {
			isa = XCBuildConfiguration;
			buildSettings = {
				ASSETCATALOG_COMPILER_APPICON_NAME = AppIcon;
				COMBINE_HIDPI_IMAGES = YES;
				INFOPLIST_FILE = Aumento/Info.plist;
				LD_RUNPATH_SEARCH_PATHS = "$(inherited) @executable_path/../Frameworks";
				PRODUCT_BUNDLE_IDENTIFIER = com.guzmle.Aumento;
				PRODUCT_NAME = "$(TARGET_NAME)";
				SWIFT_VERSION = 3.0;
			};
			name = Release;
		};
		5E2C652B1E526FA80006EF25 /* Debug */ = {
			isa = XCBuildConfiguration;
			buildSettings = {
				ALWAYS_EMBED_SWIFT_STANDARD_LIBRARIES = YES;
				BUNDLE_LOADER = "$(TEST_HOST)";
				COMBINE_HIDPI_IMAGES = YES;
				INFOPLIST_FILE = AumentoTests/Info.plist;
				LD_RUNPATH_SEARCH_PATHS = "$(inherited) @executable_path/../Frameworks @loader_path/../Frameworks";
				PRODUCT_BUNDLE_IDENTIFIER = com.guzmle.AumentoTests;
				PRODUCT_NAME = "$(TARGET_NAME)";
				SWIFT_VERSION = 3.0;
				TEST_HOST = "$(BUILT_PRODUCTS_DIR)/Aumento.app/Contents/MacOS/Aumento";
			};
			name = Debug;
		};
		5E2C652C1E526FA80006EF25 /* Release */ = {
			isa = XCBuildConfiguration;
			buildSettings = {
				ALWAYS_EMBED_SWIFT_STANDARD_LIBRARIES = YES;
				BUNDLE_LOADER = "$(TEST_HOST)";
				COMBINE_HIDPI_IMAGES = YES;
				INFOPLIST_FILE = AumentoTests/Info.plist;
				LD_RUNPATH_SEARCH_PATHS = "$(inherited) @executable_path/../Frameworks @loader_path/../Frameworks";
				PRODUCT_BUNDLE_IDENTIFIER = com.guzmle.AumentoTests;
				PRODUCT_NAME = "$(TARGET_NAME)";
				SWIFT_VERSION = 3.0;
				TEST_HOST = "$(BUILT_PRODUCTS_DIR)/Aumento.app/Contents/MacOS/Aumento";
			};
			name = Release;
		};
		5E2C652E1E526FA80006EF25 /* Debug */ = {
			isa = XCBuildConfiguration;
			buildSettings = {
				ALWAYS_EMBED_SWIFT_STANDARD_LIBRARIES = YES;
				COMBINE_HIDPI_IMAGES = YES;
				INFOPLIST_FILE = AumentoUITests/Info.plist;
				LD_RUNPATH_SEARCH_PATHS = "$(inherited) @executable_path/../Frameworks @loader_path/../Frameworks";
				PRODUCT_BUNDLE_IDENTIFIER = com.guzmle.AumentoUITests;
				PRODUCT_NAME = "$(TARGET_NAME)";
				SWIFT_VERSION = 3.0;
				TEST_TARGET_NAME = Aumento;
			};
			name = Debug;
		};
		5E2C652F1E526FA80006EF25 /* Release */ = {
			isa = XCBuildConfiguration;
			buildSettings = {
				ALWAYS_EMBED_SWIFT_STANDARD_LIBRARIES = YES;
				COMBINE_HIDPI_IMAGES = YES;
				INFOPLIST_FILE = AumentoUITests/Info.plist;
				LD_RUNPATH_SEARCH_PATHS = "$(inherited) @executable_path/../Frameworks @loader_path/../Frameworks";
				PRODUCT_BUNDLE_IDENTIFIER = com.guzmle.AumentoUITests;
				PRODUCT_NAME = "$(TARGET_NAME)";
				SWIFT_VERSION = 3.0;
				TEST_TARGET_NAME = Aumento;
			};
			name = Release;
		};
/* End XCBuildConfiguration section */

/* Begin XCConfigurationList section */
		5E2C64FA1E526FA70006EF25 /* Build configuration list for PBXProject "Aumento" */ = {
			isa = XCConfigurationList;
			buildConfigurations = (
				5E2C65251E526FA80006EF25 /* Debug */,
				5E2C65261E526FA80006EF25 /* Release */,
			);
			defaultConfigurationIsVisible = 0;
			defaultConfigurationName = Release;
		};
		5E2C65271E526FA80006EF25 /* Build configuration list for PBXNativeTarget "Aumento" */ = {
			isa = XCConfigurationList;
			buildConfigurations = (
				5E2C65281E526FA80006EF25 /* Debug */,
				5E2C65291E526FA80006EF25 /* Release */,
			);
			defaultConfigurationIsVisible = 0;
		};
		5E2C652A1E526FA80006EF25 /* Build configuration list for PBXNativeTarget "AumentoTests" */ = {
			isa = XCConfigurationList;
			buildConfigurations = (
				5E2C652B1E526FA80006EF25 /* Debug */,
				5E2C652C1E526FA80006EF25 /* Release */,
			);
			defaultConfigurationIsVisible = 0;
		};
		5E2C652D1E526FA80006EF25 /* Build configuration list for PBXNativeTarget "AumentoUITests" */ = {
			isa = XCConfigurationList;
			buildConfigurations = (
				5E2C652E1E526FA80006EF25 /* Debug */,
				5E2C652F1E526FA80006EF25 /* Release */,
			);
			defaultConfigurationIsVisible = 0;
		};
/* End XCConfigurationList section */
	};
	rootObject = 5E2C64F71E526FA70006EF25 /* Project object */;
}
